
Microsoft Visual Studio Solution File, Format Version 12.00
# Visual Studio Version 16
VisualStudioVersion = 16.0.30204.135
MinimumVisualStudioVersion = 10.0.40219.1
Project("{FAE04EC0-301F-11D3-BF4B-00C04F79EFBC}") = "c-2-1", "c-2-1\c-2-1.csproj", "{B0495886-7D76-4940-8279-3234434A45CC}"
EndProject
Global
	GlobalSection(SolutionConfigurationPlatforms) = preSolution
		Debug|Any CPU = Debug|Any CPU
		Release|Any CPU = Release|Any CPU
	EndGlobalSection
	GlobalSection(ProjectConfigurationPlatforms) = postSolution
		{B0495886-7D76-4940-8279-3234434A45CC}.Debug|Any CPU.ActiveCfg = Debug|Any CPU
		{B0495886-7D76-4940-8279-3234434A45CC}.Debug|Any CPU.Build.0 = Debug|Any CPU
		{B0495886-7D76-4940-8279-3234434A45CC}.Release|Any CPU.ActiveCfg = Release|Any CPU
		{B0495886-7D76-4940-8279-3234434A45CC}.Release|Any CPU.Build.0 = Release|Any CPU
	EndGlobalSection
	GlobalSection(SolutionProperties) = preSolution
		HideSolutionNode = FALSE
	EndGlobalSection
	GlobalSection(ExtensibilityGlobals) = postSolution
		SolutionGuid = {4692C08A-A6FD-4E30-BDFE-2719051ED6D7}
	EndGlobalSection
EndGlobal
